{
  "name": "interview-app",
  "lockfileVersion": 3,
  "requires": true,
  "packages": {
    "": {
      "dependencies": {
        "better-react-mathjax": "^2.4.0-beta-1",
        "katex": "^0.16.27",
        "react-katex": "^3.1.0"
      }
    },
    "node_modules/@mathjax/mathjax-newcm-font": {
      "version": "4.0.0",
      "resolved": "https://registry.npmjs.org/@mathjax/mathjax-newcm-font/-/mathjax-newcm-font-4.0.0.tgz",
      "integrity": "sha512-kpsJgIF4FpWiwIkFgOPmWwy5GXfL25spmJJNg27HQxPddmEL8Blx0jn2BuU/nlwjM/9SnYpEfDrWiAMgLPlB8Q==",
      "license": "Apache-2.0"
    },
    "node_modules/@mathjax/src": {
      "version": "4.0.0",
      "resolved": "https://registry.npmjs.org/@mathjax/src/-/src-4.0.0.tgz",
      "integrity": "sha512-i7oYVLkHTskfTqxBzrbvcJN8ptGChWb6bx2LZsCySk7QWf61JqaMYX5N7M0qr8tnYqRmN5DDedkRda7wDuTdBA==",
      "license": "Apache-2.0",
      "dependencies": {
        "@mathjax/mathjax-newcm-font": "4.0.0",
        "mhchemparser": "^4.2.1",
        "mj-context-menu": "^0.9.1",
        "speech-rule-engine": "5.0.0-beta.1"
      }
    },
    "node_modules/@xmldom/xmldom": {
      "version": "0.9.8",
      "resolved": "https://registry.npmjs.org/@xmldom/xmldom/-/xmldom-0.9.8.tgz",
      "integrity": "sha512-p96FSY54r+WJ50FIOsCOjyj/wavs8921hG5+kVMmZgKcvIKxMXHTrjNJvRgWa/zuX3B6t2lijLNFaOyuxUH+2A==",
      "license": "MIT",
      "engines": {
        "node": ">=14.6"
      }
    },
    "node_modules/better-react-mathjax": {
      "version": "2.4.0-beta-1",
      "resolved": "https://registry.npmjs.org/better-react-mathjax/-/better-react-mathjax-2.4.0-beta-1.tgz",
      "integrity": "sha512-idLyXS//8ESuZl2gVSHWx57EbkzX23rjG40RejXUp7V0Yfm5EQMRng6FEx6opk0vP5BuHNIulCoB7Qf6NELiXQ==",
      "license": "MIT",
      "dependencies": {
        "@mathjax/src": "^4.0.0",
        "mathjax-full": "^3.2.2"
      },
      "peerDependencies": {
        "react": ">=16.8"
      }
    },
    "node_modules/commander": {
      "version": "14.0.0",
      "resolved": "https://registry.npmjs.org/commander/-/commander-14.0.0.tgz",
      "integrity": "sha512-2uM9rYjPvyq39NwLRqaiLtWHyDC1FvryJDa2ATTVims5YAS4PupsEQsDvP14FqhFr0P49CYDugi59xaxJlTXRA==",
      "license": "MIT",
      "engines": {
        "node": ">=20"
      }
    },
    "node_modules/esm": {
      "version": "3.2.25",
      "resolved": "https://registry.npmjs.org/esm/-/esm-3.2.25.tgz",
      "integrity": "sha512-U1suiZ2oDVWv4zPO56S0NcR5QriEahGtdN2OR6FiOG4WJvcjBVFB0qI4+eKoWFH483PKGuLuu6V8Z4T5g63UVA==",
      "license": "MIT",
      "engines": {
        "node": ">=6"
      }
    },
    "node_modules/js-tokens": {
      "version": "4.0.0",
      "resolved": "https://registry.npmjs.org/js-tokens/-/js-tokens-4.0.0.tgz",
      "integrity": "sha512-RdJUflcE3cUzKiMqQgsCu06FPu9UdIJO0beYbPhHN4k6apgJtifcoCtT9bcxOpYBtpD2kCM6Sbzg4CausW/PKQ==",
      "license": "MIT"
    },
    "node_modules/katex": {
      "version": "0.16.27",
      "resolved": "https://registry.npmjs.org/katex/-/katex-0.16.27.tgz",
      "integrity": "sha512-aeQoDkuRWSqQN6nSvVCEFvfXdqo1OQiCmmW1kc9xSdjutPv7BGO7pqY9sQRJpMOGrEdfDgF2TfRXe5eUAD2Waw==",
      "funding": [
        "https://opencollective.com/katex",
        "https://github.com/sponsors/katex"
      ],
      "license": "MIT",
      "dependencies": {
        "commander": "^8.3.0"
      },
      "bin": {
        "katex": "cli.js"
      }
    },
    "node_modules/katex/node_modules/commander": {
      "version": "8.3.0",
      "resolved": "https://registry.npmjs.org/commander/-/commander-8.3.0.tgz",
      "integrity": "sha512-OkTL9umf+He2DZkUq8f8J9of7yL6RJKI24dVITBmNfZBmri9zYZQrKkuXiKhyfPSu8tUhnVBB1iKXevvnlR4Ww==",
      "license": "MIT",
      "engines": {
        "node": ">= 12"
      }
    },
    "node_modules/loose-envify": {
      "version": "1.4.0",
      "resolved": "https://registry.npmjs.org/loose-envify/-/loose-envify-1.4.0.tgz",
      "integrity": "sha512-lyuxPGr/Wfhrlem2CL/UcnUc1zcqKAImBDzukY7Y5F/yQiNdko6+fRLevlw1HgMySw7f611UIY408EtxRSoK3Q==",
      "license": "MIT",
      "dependencies": {
        "js-tokens": "^3.0.0 || ^4.0.0"
      },
      "bin": {
        "loose-envify": "cli.js"
      }
    },
    "node_modules/mathjax-full": {
      "version": "3.2.2",
      "resolved": "https://registry.npmjs.org/mathjax-full/-/mathjax-full-3.2.2.tgz",
      "integrity": "sha512-+LfG9Fik+OuI8SLwsiR02IVdjcnRCy5MufYLi0C3TdMT56L/pjB0alMVGgoWJF8pN9Rc7FESycZB9BMNWIid5w==",
      "deprecated": "Version 4 replaces this package with the scoped package @mathjax/src",
      "license": "Apache-2.0",
      "dependencies": {
        "esm": "^3.2.25",
        "mhchemparser": "^4.1.0",
        "mj-context-menu": "^0.6.1",
        "speech-rule-engine": "^4.0.6"
      }
    },
    "node_modules/mathjax-full/node_modules/commander": {
      "version": "13.1.0",
      "resolved": "https://registry.npmjs.org/commander/-/commander-13.1.0.tgz",
      "integrity": "sha512-/rFeCpNJQbhSZjGVwO9RFV3xPqbnERS8MmIQzCtD/zl6gpJuV/bMLuN92oG3F7d8oDEHHRrujSXNUr8fpjntKw==",
      "license": "MIT",
      "engines": {
        "node": ">=18"
      }
    },
    "node_modules/mathjax-full/node_modules/mj-context-menu": {
      "version": "0.6.1",
      "resolved": "https://registry.npmjs.org/mj-context-menu/-/mj-context-menu-0.6.1.tgz",
      "integrity": "sha512-7NO5s6n10TIV96d4g2uDpG7ZDpIhMh0QNfGdJw/W47JswFcosz457wqz/b5sAKvl12sxINGFCn80NZHKwxQEXA==",
      "license": "Apache-2.0"
    },
    "node_modules/mathjax-full/node_modules/speech-rule-engine": {
      "version": "4.1.2",
      "resolved": "https://registry.npmjs.org/speech-rule-engine/-/speech-rule-engine-4.1.2.tgz",
      "integrity": "sha512-S6ji+flMEga+1QU79NDbwZ8Ivf0S/MpupQQiIC0rTpU/ZTKgcajijJJb1OcByBQDjrXCN1/DJtGz4ZJeBMPGJw==",
      "license": "Apache-2.0",
      "dependencies": {
        "@xmldom/xmldom": "0.9.8",
        "commander": "13.1.0",
        "wicked-good-xpath": "1.3.0"
      },
      "bin": {
        "sre": "bin/sre"
      }
    },
    "node_modules/mhchemparser": {
      "version": "4.2.1",
      "resolved": "https://registry.npmjs.org/mhchemparser/-/mhchemparser-4.2.1.tgz",
      "integrity": "sha512-kYmyrCirqJf3zZ9t/0wGgRZ4/ZJw//VwaRVGA75C4nhE60vtnIzhl9J9ndkX/h6hxSN7pjg/cE0VxbnNM+bnDQ==",
      "license": "Apache-2.0"
    },
    "node_modules/mj-context-menu": {
      "version": "0.9.1",
      "resolved": "https://registry.npmjs.org/mj-context-menu/-/mj-context-menu-0.9.1.tgz",
      "integrity": "sha512-ECPcVXZFRfeYOxb1MWGzctAtnQcZ6nRucE3orfkKX7t/KE2mlXO2K/bq4BcCGOuhdz3Wg2BZDy2S8ECK73/iIw==",
      "license": "Apache-2.0"
    },
    "node_modules/object-assign": {
      "version": "4.1.1",
      "resolved": "https://registry.npmjs.org/object-assign/-/object-assign-4.1.1.tgz",
      "integrity": "sha512-rJgTQnkUnH1sFw8yT6VSU3zD3sWmu6sZhIseY8VX+GRu3P6F7Fu+JNDoXfklElbLJSnc3FUQHVe4cU5hj+BcUg==",
      "license": "MIT",
      "engines": {
        "node": ">=0.10.0"
      }
    },
    "node_modules/prop-types": {
      "version": "15.8.1",
      "resolved": "https://registry.npmjs.org/prop-types/-/prop-types-15.8.1.tgz",
      "integrity": "sha512-oj87CgZICdulUohogVAR7AjlC0327U4el4L6eAvOqCeudMDVU0NThNaV+b9Df4dXgSP1gXMTnPdhfe/2qDH5cg==",
      "license": "MIT",
      "peer": true,
      "dependencies": {
        "loose-envify": "^1.4.0",
        "object-assign": "^4.1.1",
        "react-is": "^16.13.1"
      }
    },
    "node_modules/react": {
      "version": "19.2.1",
      "resolved": "https://registry.npmjs.org/react/-/react-19.2.1.tgz",
      "integrity": "sha512-DGrYcCWK7tvYMnWh79yrPHt+vdx9tY+1gPZa7nJQtO/p8bLTDaHp4dzwEhQB7pZ4Xe3ok4XKuEPrVuc+wlpkmw==",
      "license": "MIT",
      "peer": true,
      "engines": {
        "node": ">=0.10.0"
      }
    },
    "node_modules/react-is": {
      "version": "16.13.1",
      "resolved": "https://registry.npmjs.org/react-is/-/react-is-16.13.1.tgz",
      "integrity": "sha512-24e6ynE2H+OKt4kqsOvNd8kBpV65zoxbA4BVsEOB3ARVWQki/DHzaUoC5KuON/BiccDaCCTZBuOcfZs70kR8bQ==",
      "license": "MIT"
    },
    "node_modules/react-katex": {
      "version": "3.1.0",
      "resolved": "https://registry.npmjs.org/react-katex/-/react-katex-3.1.0.tgz",
      "integrity": "sha512-At9uLOkC75gwn2N+ZXc5HD8TlATsB+3Hkp9OGs6uA8tM3dwZ3Wljn74Bk3JyHFPgSnesY/EMrIAB1WJwqZqejA==",
      "license": "MIT",
      "dependencies": {
        "katex": "^0.16.0"
      },
      "peerDependencies": {
        "prop-types": "^15.8.1",
        "react": ">=15.3.2 <20"
      }
    },
    "node_modules/speech-rule-engine": {
      "version": "5.0.0-beta.1",
      "resolved": "https://registry.npmjs.org/speech-rule-engine/-/speech-rule-engine-5.0.0-beta.1.tgz",
      "integrity": "sha512-arqcJpXEYRG9mQMxRCNd2xFERGvIvwvuhcnoXDw/SyeYNyJ5I9SUU5ft+BPw0M1rPpwl3Q+6ZeeYAcwGXTa6oQ==",
      "license": "Apache-2.0",
      "dependencies": {
        "@xmldom/xmldom": "0.9.8",
        "commander": "14.0.0",
        "wicked-good-xpath": "1.3.0"
      },
      "bin": {
        "sre": "bin/sre"
      }
    },
    "node_modules/wicked-good-xpath": {
      "version": "1.3.0",
      "resolved": "https://registry.npmjs.org/wicked-good-xpath/-/wicked-good-xpath-1.3.0.tgz",
      "integrity": "sha512-Gd9+TUn5nXdwj/hFsPVx5cuHHiF5Bwuc30jZ4+ronF1qHK5O7HD0sgmXWSEgwKquT3ClLoKPVbO6qGwVwLzvAw==",
      "license": "MIT"
    }
  }
}
